{
  "current_commit": "6394a178634dec86414dd2f7f298f672d69ea05c",
  "working_tree_dirty": true,
  "generated_at": "2026-08-12T05:41:48Z",
  "scanned_scope": [
    "."
  ],
  "excluded_directories": [
    ".cache",
    ".git",
    ".hg",
    ".next",
    ".nuxt",
    ".svn",
    ".turbo",
    ".venv",
    "__pycache__",
    "build",
    "coverage",
    "dist",
    "docs/codemap",
    "generated",
    "node_modules",
    "out",
    "target",
    "vendor",
    "venv"
  ],
  "fingerprint_algorithm": "sha256-path-content-v1",
  "modules": [
    {
      "id": ".",
      "path": ".",
      "file_count": 11,
      "fingerprint": "3362e1309a70ef248406bfd49a05aac40aad70743919dc9329cdca5ce5440981"
    },
    {
      "id": ".agents",
      "path": ".agents",
      "file_count": 32,
      "fingerprint": "f3edff746b8817c2c5d830f748b5482da5e0f47708caac333cdc17b456ba62cc"
    },
    {
      "id": ".github",
      "path": ".github",
      "file_count": 7,
      "fingerprint": "85ddf4eaa546c6c99838fc36edfa63a6fd0f219ade477e10c3eaf1aae40e9869"
    },
    {
      "id": ".vscode",
      "path": ".vscode",
      "file_count": 2,
      "fingerprint": "ccbb3a1d5527f5b35e4a934889dea3cb59e89a9fe4e322f1c8794f9ecdd1e682"
    },
    {
      "id": "docs",
      "path": "docs",
      "file_count": 106,
      "fingerprint": "5dad915f0816d3681d77670e9cead12eb34edbc7bbb2cbf8e00e9f4e0395dbb8"
    },
    {
      "id": "scripts",
      "path": "scripts",
      "file_count": 1,
      "fingerprint": "7429156964263a46d31729575c6258c2c0e7f8d1329d01f6df6a676dcc4c5600"
    },
    {
      "id": "src",
      "path": "src",
      "file_count": 301,
      "fingerprint": "80d26cef4cc712938a2895bf38594bd22bfb3034fd75331e0b826f8ac6551d1a"
    },
    {
      "id": "tests",
      "path": "tests",
      "file_count": 144,
      "fingerprint": "a329a42bc46d5fbf154dee1138a9eb4a8b0ea59725c5bf0bedf78dc20101897a"
    }
  ]
}
