{
  "current_commit": "31d63ff68740750f298cdb60fae990de6bf9bd2a",
  "working_tree_dirty": true,
  "generated_at": "2026-08-26T17:19:01Z",
  "scanned_scope": [
    "."
  ],
  "excluded_directories": [
    ".cache",
    ".git",
    ".hg",
    ".next",
    ".nuxt",
    ".svn",
    ".turbo",
    ".venv",
    "__pycache__",
    "build",
    "coverage",
    "dist",
    "docs/codemap",
    "generated",
    "node_modules",
    "out",
    "target",
    "vendor",
    "venv"
  ],
  "fingerprint_algorithm": "sha256-path-content-v1",
  "modules": [
    {
      "id": ".",
      "path": ".",
      "file_count": 12,
      "fingerprint": "ed91e1d2f6a2a3fe40b09ec5e9e45e3d0589ed8932690a7ba35bc066efe86d88"
    },
    {
      "id": ".agents",
      "path": ".agents",
      "file_count": 32,
      "fingerprint": "f3edff746b8817c2c5d830f748b5482da5e0f47708caac333cdc17b456ba62cc"
    },
    {
      "id": ".github",
      "path": ".github",
      "file_count": 9,
      "fingerprint": "38b0b7e8bab3dfaea986826ddd803b32a53f4b5eb48a0d06f0db5ce79c97cf56"
    },
    {
      "id": ".vscode",
      "path": ".vscode",
      "file_count": 2,
      "fingerprint": "25f048f5cad67c0af33f4a18b7c3fdca9396bfe8e0794c1ade5a1cbc2da55794"
    },
    {
      "id": "docs",
      "path": "docs",
      "file_count": 123,
      "fingerprint": "35c7b96f714193b19fd38502d8fb8cfa181168eaee1e8cd9ba1e05cc6a931657"
    },
    {
      "id": "scripts",
      "path": "scripts",
      "file_count": 7,
      "fingerprint": "734e31a1fe5e2fc80ed945222226a113c5bb9d9d0226cf589e629bc15e4e43a0"
    },
    {
      "id": "src",
      "path": "src",
      "file_count": 336,
      "fingerprint": "bbdc826ae8402bf330d9ac30828eed8874f35cecf7fbf50b03e991ee7038b330"
    },
    {
      "id": "tests",
      "path": "tests",
      "file_count": 155,
      "fingerprint": "22298e2e63fe63ccd15a5f2febe44d8864338e2e34e5b858868e2ef374464446"
    }
  ]
}
