{
  "current_commit": "66ed8ee1adb6ff1f0904691b0c77fb5a43040026",
  "working_tree_dirty": true,
  "generated_at": "2026-08-11T17:54:50Z",
  "scanned_scope": [
    "."
  ],
  "excluded_directories": [
    ".cache",
    ".git",
    ".hg",
    ".next",
    ".nuxt",
    ".svn",
    ".turbo",
    ".venv",
    "__pycache__",
    "build",
    "coverage",
    "dist",
    "docs/codemap",
    "generated",
    "node_modules",
    "out",
    "target",
    "vendor",
    "venv"
  ],
  "fingerprint_algorithm": "sha256-path-content-v1",
  "modules": [
    {
      "id": ".",
      "path": ".",
      "file_count": 10,
      "fingerprint": "f687b4d2a7440ff7b5ab3b8d7560f70cfdda03f78975b8a601b3902a64ca5409"
    },
    {
      "id": ".github",
      "path": ".github",
      "file_count": 6,
      "fingerprint": "74e61b3bb33647831642df20a8398c91ba8daba67117c097d7b4c7bd58f5a515"
    },
    {
      "id": ".vscode",
      "path": ".vscode",
      "file_count": 2,
      "fingerprint": "ccbb3a1d5527f5b35e4a934889dea3cb59e89a9fe4e322f1c8794f9ecdd1e682"
    },
    {
      "id": "artifacts",
      "path": "artifacts",
      "file_count": 97,
      "fingerprint": "e78eec2106a0b7be2813cce63028e2d348cc771d2844fb6f0edffac4a4a49874"
    },
    {
      "id": "docs",
      "path": "docs",
      "file_count": 98,
      "fingerprint": "8d794b9c9906b4b9f552843d5d7d2d42274822ad226e0e2a864e6fdeb5827f9e"
    },
    {
      "id": "scripts",
      "path": "scripts",
      "file_count": 1,
      "fingerprint": "7429156964263a46d31729575c6258c2c0e7f8d1329d01f6df6a676dcc4c5600"
    },
    {
      "id": "src",
      "path": "src",
      "file_count": 248,
      "fingerprint": "f2de713ac956cbfebc96883b3d7c697e18872ce39bb9950a3cd3a961aa1131c1"
    },
    {
      "id": "tests",
      "path": "tests",
      "file_count": 135,
      "fingerprint": "2488d4d38f91fb3882f66cf102ce758b07cd8674c32e0211f5bc3c5593033245"
    }
  ]
}
